
Microsoft Visual Studio Solution File, Format Version 12.00
# Visual Studio Version 16
VisualStudioVersion = 16.0.31515.178
MinimumVisualStudioVersion = 10.0.40219.1
Project("{FAE04EC0-301F-11D3-BF4B-00C04F79EFBC}") = "WindowsFormsApp1", "WindowsFormsApp1\WindowsFormsApp1.csproj", "{F735051B-4B35-4BDA-9B45-D05274403089}"
EndProject
Global
	GlobalSection(SolutionConfigurationPlatforms) = preSolution
		Debug|Any CPU = Debug|Any CPU
		Release|Any CPU = Release|Any CPU
	EndGlobalSection
	GlobalSection(ProjectConfigurationPlatforms) = postSolution
		{F735051B-4B35-4BDA-9B45-D05274403089}.Debug|Any CPU.ActiveCfg = Debug|Any CPU
		{F735051B-4B35-4BDA-9B45-D05274403089}.Debug|Any CPU.Build.0 = Debug|Any CPU
		{F735051B-4B35-4BDA-9B45-D05274403089}.Release|Any CPU.ActiveCfg = Release|Any CPU
		{F735051B-4B35-4BDA-9B45-D05274403089}.Release|Any CPU.Build.0 = Release|Any CPU
	EndGlobalSection
	GlobalSection(SolutionProperties) = preSolution
		HideSolutionNode = FALSE
	EndGlobalSection
	GlobalSection(ExtensibilityGlobals) = postSolution
		SolutionGuid = {396F4000-82BD-483A-9340-9AFCF32011CC}
	EndGlobalSection
EndGlobal
